
Microsoft Visual Studio Solution File, Format Version 12.00
# Visual Studio Version 17
VisualStudioVersion = 17.4.33213.308
MinimumVisualStudioVersion = 10.0.40219.1
Project("{FAE04EC0-301F-11D3-BF4B-00C04F79EFBC}") = "2023_10_03_Person_oop", "2023_10_03_Person_oop\2023_10_03_Person_oop.csproj", "{636F2203-F443-4BE6-88E8-DFFEFA25ABBB}"
EndProject
Global
	GlobalSection(SolutionConfigurationPlatforms) = preSolution
		Debug|Any CPU = Debug|Any CPU
		Release|Any CPU = Release|Any CPU
	EndGlobalSection
	GlobalSection(ProjectConfigurationPlatforms) = postSolution
		{636F2203-F443-4BE6-88E8-DFFEFA25ABBB}.Debug|Any CPU.ActiveCfg = Debug|Any CPU
		{636F2203-F443-4BE6-88E8-DFFEFA25ABBB}.Debug|Any CPU.Build.0 = Debug|Any CPU
		{636F2203-F443-4BE6-88E8-DFFEFA25ABBB}.Release|Any CPU.ActiveCfg = Release|Any CPU
		{636F2203-F443-4BE6-88E8-DFFEFA25ABBB}.Release|Any CPU.Build.0 = Release|Any CPU
	EndGlobalSection
	GlobalSection(SolutionProperties) = preSolution
		HideSolutionNode = FALSE
	EndGlobalSection
	GlobalSection(ExtensibilityGlobals) = postSolution
		SolutionGuid = {16B63D29-7B66-4897-BF26-462CBB98FB32}
	EndGlobalSection
EndGlobal
